
Microsoft Visual Studio Solution File, Format Version 12.00
# Visual Studio Version 17
VisualStudioVersion = 17.2.32630.192
MinimumVisualStudioVersion = 10.0.40219.1
Project("{9A19103F-16F7-4668-BE54-9A1E7A4F7556}") = "SCS-Calc 1.1", "SCS-Calc 1.1\SCS-Calc 1.1.csproj", "{F95C9CF7-BFFF-4D52-B4BB-CC0729749447}"
EndProject
Project("{FAE04EC0-301F-11D3-BF4B-00C04F79EFBC}") = "SCSCalcClassLibrary", "SCSCalcClassLibrary\SCSCalcClassLibrary.csproj", "{F5B7998E-5044-45BF-9538-967E377561AA}"
EndProject
Global
	GlobalSection(SolutionConfigurationPlatforms) = preSolution
		Debug|Any CPU = Debug|Any CPU
		Release|Any CPU = Release|Any CPU
	EndGlobalSection
	GlobalSection(ProjectConfigurationPlatforms) = postSolution
		{F95C9CF7-BFFF-4D52-B4BB-CC0729749447}.Debug|Any CPU.ActiveCfg = Debug|Any CPU
		{F95C9CF7-BFFF-4D52-B4BB-CC0729749447}.Debug|Any CPU.Build.0 = Debug|Any CPU
		{F95C9CF7-BFFF-4D52-B4BB-CC0729749447}.Release|Any CPU.ActiveCfg = Release|Any CPU
		{F95C9CF7-BFFF-4D52-B4BB-CC0729749447}.Release|Any CPU.Build.0 = Release|Any CPU
		{F5B7998E-5044-45BF-9538-967E377561AA}.Debug|Any CPU.ActiveCfg = Debug|Any CPU
		{F5B7998E-5044-45BF-9538-967E377561AA}.Debug|Any CPU.Build.0 = Debug|Any CPU
		{F5B7998E-5044-45BF-9538-967E377561AA}.Release|Any CPU.ActiveCfg = Release|Any CPU
		{F5B7998E-5044-45BF-9538-967E377561AA}.Release|Any CPU.Build.0 = Release|Any CPU
	EndGlobalSection
	GlobalSection(SolutionProperties) = preSolution
		HideSolutionNode = FALSE
	EndGlobalSection
	GlobalSection(ExtensibilityGlobals) = postSolution
		SolutionGuid = {07EA27EA-1CD8-4357-B2E3-F83F1A271B54}
	EndGlobalSection
EndGlobal
